
Microsoft Visual Studio Solution File, Format Version 12.00
# Visual Studio Version 17
VisualStudioVersion = 17.0.32112.339
MinimumVisualStudioVersion = 10.0.40219.1
Project("{FAE04EC0-301F-11D3-BF4B-00C04F79EFBC}") = "SouthWestTraders", "SouthWestTraders\SouthWestTraders.csproj", "{13B170F6-A30A-4DE2-ACF3-160665365860}"
EndProject
Global
	GlobalSection(SolutionConfigurationPlatforms) = preSolution
		Debug|Any CPU = Debug|Any CPU
		Release|Any CPU = Release|Any CPU
	EndGlobalSection
	GlobalSection(ProjectConfigurationPlatforms) = postSolution
		{13B170F6-A30A-4DE2-ACF3-160665365860}.Debug|Any CPU.ActiveCfg = Debug|Any CPU
		{13B170F6-A30A-4DE2-ACF3-160665365860}.Debug|Any CPU.Build.0 = Debug|Any CPU
		{13B170F6-A30A-4DE2-ACF3-160665365860}.Release|Any CPU.ActiveCfg = Release|Any CPU
		{13B170F6-A30A-4DE2-ACF3-160665365860}.Release|Any CPU.Build.0 = Release|Any CPU
	EndGlobalSection
	GlobalSection(SolutionProperties) = preSolution
		HideSolutionNode = FALSE
	EndGlobalSection
	GlobalSection(ExtensibilityGlobals) = postSolution
		SolutionGuid = {D299827C-65AC-46CF-B005-7F0CB45F58C6}
	EndGlobalSection
EndGlobal
