
Microsoft Visual Studio Solution File, Format Version 12.00
# Visual Studio Version 17
VisualStudioVersion = 17.0.32112.339
MinimumVisualStudioVersion = 10.0.40219.1
Project("{2150E333-8FDC-42A3-9474-1A3956D46DE8}") = "main", "main", "{3724D670-7207-4F61-BA22-49FFE3A578D0}"
EndProject
Project("{FAE04EC0-301F-11D3-BF4B-00C04F79EFBC}") = "SouthWestTraders.Web", "SouthWestTraders.Web\SouthWestTraders.Web.csproj", "{F93F7E69-692A-42CD-872C-8BC4BA3525E4}"
EndProject
Global
	GlobalSection(SolutionConfigurationPlatforms) = preSolution
		Debug|Any CPU = Debug|Any CPU
		Release|Any CPU = Release|Any CPU
	EndGlobalSection
	GlobalSection(ProjectConfigurationPlatforms) = postSolution
		{F93F7E69-692A-42CD-872C-8BC4BA3525E4}.Debug|Any CPU.ActiveCfg = Debug|Any CPU
		{F93F7E69-692A-42CD-872C-8BC4BA3525E4}.Debug|Any CPU.Build.0 = Debug|Any CPU
		{F93F7E69-692A-42CD-872C-8BC4BA3525E4}.Release|Any CPU.ActiveCfg = Release|Any CPU
		{F93F7E69-692A-42CD-872C-8BC4BA3525E4}.Release|Any CPU.Build.0 = Release|Any CPU
	EndGlobalSection
	GlobalSection(SolutionProperties) = preSolution
		HideSolutionNode = FALSE
	EndGlobalSection
	GlobalSection(NestedProjects) = preSolution
		{F93F7E69-692A-42CD-872C-8BC4BA3525E4} = {3724D670-7207-4F61-BA22-49FFE3A578D0}
	EndGlobalSection
	GlobalSection(ExtensibilityGlobals) = postSolution
		SolutionGuid = {D299827C-65AC-46CF-B005-7F0CB45F58C6}
	EndGlobalSection
EndGlobal
