
Microsoft Visual Studio Solution File, Format Version 12.00
# Visual Studio Version 17
VisualStudioVersion = 17.0.32112.339
MinimumVisualStudioVersion = 10.0.40219.1
Project("{2150E333-8FDC-42A3-9474-1A3956D46DE8}") = "Solution Items", "Solution Items", "{AEF6ACDD-88CC-43F4-B548-F1D1C6F636FA}"
	ProjectSection(SolutionItems) = preProject
		db_creation_scripts.sql = db_creation_scripts.sql
	EndProjectSection
EndProject
Project("{2150E333-8FDC-42A3-9474-1A3956D46DE8}") = "tests", "tests", "{344F605B-E3B0-4F87-BDF4-ACB52BEB0CDE}"
EndProject
Project("{FAE04EC0-301F-11D3-BF4B-00C04F79EFBC}") = "Application.UnitTests", "tests\Application.UnitTests\Application.UnitTests.csproj", "{2508DF43-A96D-4552-8F40-4FA489ED03D8}"
EndProject
Project("{2150E333-8FDC-42A3-9474-1A3956D46DE8}") = "main", "main", "{077D6BEE-764A-4C55-8D52-BEC0454FDC1E}"
EndProject
Project("{FAE04EC0-301F-11D3-BF4B-00C04F79EFBC}") = "Web", "main\Web\Web.csproj", "{E26E8767-4920-4086-B01B-A5046EE00A84}"
EndProject
Project("{FAE04EC0-301F-11D3-BF4B-00C04F79EFBC}") = "Application", "main\Application\Application.csproj", "{5E3BE739-27AE-4395-8A0F-45609F1F50F9}"
EndProject
Global
	GlobalSection(SolutionConfigurationPlatforms) = preSolution
		Debug|Any CPU = Debug|Any CPU
		Release|Any CPU = Release|Any CPU
	EndGlobalSection
	GlobalSection(ProjectConfigurationPlatforms) = postSolution
		{2508DF43-A96D-4552-8F40-4FA489ED03D8}.Debug|Any CPU.ActiveCfg = Debug|Any CPU
		{2508DF43-A96D-4552-8F40-4FA489ED03D8}.Debug|Any CPU.Build.0 = Debug|Any CPU
		{2508DF43-A96D-4552-8F40-4FA489ED03D8}.Release|Any CPU.ActiveCfg = Release|Any CPU
		{2508DF43-A96D-4552-8F40-4FA489ED03D8}.Release|Any CPU.Build.0 = Release|Any CPU
		{E26E8767-4920-4086-B01B-A5046EE00A84}.Debug|Any CPU.ActiveCfg = Debug|Any CPU
		{E26E8767-4920-4086-B01B-A5046EE00A84}.Debug|Any CPU.Build.0 = Debug|Any CPU
		{E26E8767-4920-4086-B01B-A5046EE00A84}.Release|Any CPU.ActiveCfg = Release|Any CPU
		{E26E8767-4920-4086-B01B-A5046EE00A84}.Release|Any CPU.Build.0 = Release|Any CPU
		{5E3BE739-27AE-4395-8A0F-45609F1F50F9}.Debug|Any CPU.ActiveCfg = Debug|Any CPU
		{5E3BE739-27AE-4395-8A0F-45609F1F50F9}.Debug|Any CPU.Build.0 = Debug|Any CPU
		{5E3BE739-27AE-4395-8A0F-45609F1F50F9}.Release|Any CPU.ActiveCfg = Release|Any CPU
		{5E3BE739-27AE-4395-8A0F-45609F1F50F9}.Release|Any CPU.Build.0 = Release|Any CPU
	EndGlobalSection
	GlobalSection(SolutionProperties) = preSolution
		HideSolutionNode = FALSE
	EndGlobalSection
	GlobalSection(ExtensibilityGlobals) = postSolution
		SolutionGuid = {D299827C-65AC-46CF-B005-7F0CB45F58C6}
	EndGlobalSection
	GlobalSection(NestedProjects) = preSolution
		{2508DF43-A96D-4552-8F40-4FA489ED03D8} = {344F605B-E3B0-4F87-BDF4-ACB52BEB0CDE}
		{E26E8767-4920-4086-B01B-A5046EE00A84} = {077D6BEE-764A-4C55-8D52-BEC0454FDC1E}
		{5E3BE739-27AE-4395-8A0F-45609F1F50F9} = {077D6BEE-764A-4C55-8D52-BEC0454FDC1E}
	EndGlobalSection
EndGlobal
